{
	"name": "gzip-js",
	"version": "0.3.2",
	"lockfileVersion": 1,
	"requires": true,
	"dependencies": {
		"crc32": {
			"version": "0.2.2",
			"resolved": "https://registry.npmjs.org/crc32/-/crc32-0.2.2.tgz",
			"integrity": "sha1-etIg1v/c0Rn5/BJ6d3LKzqOQpLo="
		},
		"deflate-js": {
			"version": "0.2.3",
			"resolved": "https://registry.npmjs.org/deflate-js/-/deflate-js-0.2.3.tgz",
			"integrity": "sha1-+Fq7WOvFFRowYUdHPVfD5PfkQms="
		},
		"optimist": {
			"version": "0.2.8",
			"resolved": "https://registry.npmjs.org/optimist/-/optimist-0.2.8.tgz",
			"integrity": "sha1-6YGrfiaLRXlIWTtVZ0wJmoFcrDE=",
			"dev": true,
			"requires": {
				"wordwrap": ">=0.0.1 <0.1.0"
			}
		},
		"wordwrap": {
			"version": "0.0.3",
			"resolved": "https://registry.npmjs.org/wordwrap/-/wordwrap-0.0.3.tgz",
			"integrity": "sha1-o9XabNXAvAAI03I0u68b7WMFkQc=",
			"dev": true
		}
	}
}
